
Microsoft Visual Studio Solution File, Format Version 12.00
# Visual Studio Version 17
VisualStudioVersion = 17.3.32929.385
MinimumVisualStudioVersion = 10.0.40219.1
Project("{FAE04EC0-301F-11D3-BF4B-00C04F79EFBC}") = "mvcdemo", "mvcdemo\mvcdemo.csproj", "{314D42E0-165E-4D19-98F9-FF786339481D}"
EndProject
Global
	GlobalSection(SolutionConfigurationPlatforms) = preSolution
		Debug|Any CPU = Debug|Any CPU
		Release|Any CPU = Release|Any CPU
	EndGlobalSection
	GlobalSection(ProjectConfigurationPlatforms) = postSolution
		{314D42E0-165E-4D19-98F9-FF786339481D}.Debug|Any CPU.ActiveCfg = Debug|Any CPU
		{314D42E0-165E-4D19-98F9-FF786339481D}.Debug|Any CPU.Build.0 = Debug|Any CPU
		{314D42E0-165E-4D19-98F9-FF786339481D}.Release|Any CPU.ActiveCfg = Release|Any CPU
		{314D42E0-165E-4D19-98F9-FF786339481D}.Release|Any CPU.Build.0 = Release|Any CPU
	EndGlobalSection
	GlobalSection(SolutionProperties) = preSolution
		HideSolutionNode = FALSE
	EndGlobalSection
	GlobalSection(ExtensibilityGlobals) = postSolution
		SolutionGuid = {EEBAEC9E-0EC2-4465-AAB4-7E64EFA38304}
	EndGlobalSection
EndGlobal
